
Microsoft Visual Studio Solution File, Format Version 12.00
# Visual Studio Version 17
VisualStudioVersion = 17.0.32126.317
MinimumVisualStudioVersion = 10.0.40219.1
Project("{FAE04EC0-301F-11D3-BF4B-00C04F79EFBC}") = "StreamApp", "StreamApp\StreamApp.csproj", "{F7EF2A6F-E96A-479C-BEF0-4C79D6F1F036}"
EndProject
Project("{FAE04EC0-301F-11D3-BF4B-00C04F79EFBC}") = "StreamLibrary", "StreamLibrary\StreamLibrary.csproj", "{B559E086-8E69-4679-ADA7-7A173F0B3BC1}"
EndProject
Project("{FAE04EC0-301F-11D3-BF4B-00C04F79EFBC}") = "StreamTestProject", "StreamTestProject\StreamTestProject.csproj", "{4D9635F9-EC8A-42BB-AD19-DB29D3FFF6E7}"
EndProject
Global
	GlobalSection(SolutionConfigurationPlatforms) = preSolution
		Debug|Any CPU = Debug|Any CPU
		Release|Any CPU = Release|Any CPU
	EndGlobalSection
	GlobalSection(ProjectConfigurationPlatforms) = postSolution
		{F7EF2A6F-E96A-479C-BEF0-4C79D6F1F036}.Debug|Any CPU.ActiveCfg = Debug|Any CPU
		{F7EF2A6F-E96A-479C-BEF0-4C79D6F1F036}.Debug|Any CPU.Build.0 = Debug|Any CPU
		{F7EF2A6F-E96A-479C-BEF0-4C79D6F1F036}.Release|Any CPU.ActiveCfg = Release|Any CPU
		{F7EF2A6F-E96A-479C-BEF0-4C79D6F1F036}.Release|Any CPU.Build.0 = Release|Any CPU
		{B559E086-8E69-4679-ADA7-7A173F0B3BC1}.Debug|Any CPU.ActiveCfg = Debug|Any CPU
		{B559E086-8E69-4679-ADA7-7A173F0B3BC1}.Debug|Any CPU.Build.0 = Debug|Any CPU
		{B559E086-8E69-4679-ADA7-7A173F0B3BC1}.Release|Any CPU.ActiveCfg = Release|Any CPU
		{B559E086-8E69-4679-ADA7-7A173F0B3BC1}.Release|Any CPU.Build.0 = Release|Any CPU
		{4D9635F9-EC8A-42BB-AD19-DB29D3FFF6E7}.Debug|Any CPU.ActiveCfg = Debug|Any CPU
		{4D9635F9-EC8A-42BB-AD19-DB29D3FFF6E7}.Debug|Any CPU.Build.0 = Debug|Any CPU
		{4D9635F9-EC8A-42BB-AD19-DB29D3FFF6E7}.Release|Any CPU.ActiveCfg = Release|Any CPU
		{4D9635F9-EC8A-42BB-AD19-DB29D3FFF6E7}.Release|Any CPU.Build.0 = Release|Any CPU
	EndGlobalSection
	GlobalSection(SolutionProperties) = preSolution
		HideSolutionNode = FALSE
	EndGlobalSection
	GlobalSection(ExtensibilityGlobals) = postSolution
		SolutionGuid = {224542FE-C324-4841-AF35-285E41EAD463}
	EndGlobalSection
EndGlobal
