
Microsoft Visual Studio Solution File, Format Version 12.00
# Visual Studio Version 17
VisualStudioVersion = 17.0.32126.317
MinimumVisualStudioVersion = 10.0.40219.1
Project("{FAE04EC0-301F-11D3-BF4B-00C04F79EFBC}") = "TextEditorApp", "TextEditorApp\TextEditorApp.csproj", "{CF262533-6A70-4B19-8627-94D94C9F1B08}"
EndProject
Project("{FAE04EC0-301F-11D3-BF4B-00C04F79EFBC}") = "TextEditorLibrary", "TextEditorLibrary\TextEditorLibrary.csproj", "{1C9F7AAA-F656-483C-963C-C24D793CA081}"
EndProject
Global
	GlobalSection(SolutionConfigurationPlatforms) = preSolution
		Debug|Any CPU = Debug|Any CPU
		Release|Any CPU = Release|Any CPU
	EndGlobalSection
	GlobalSection(ProjectConfigurationPlatforms) = postSolution
		{CF262533-6A70-4B19-8627-94D94C9F1B08}.Debug|Any CPU.ActiveCfg = Debug|Any CPU
		{CF262533-6A70-4B19-8627-94D94C9F1B08}.Debug|Any CPU.Build.0 = Debug|Any CPU
		{CF262533-6A70-4B19-8627-94D94C9F1B08}.Release|Any CPU.ActiveCfg = Release|Any CPU
		{CF262533-6A70-4B19-8627-94D94C9F1B08}.Release|Any CPU.Build.0 = Release|Any CPU
		{1C9F7AAA-F656-483C-963C-C24D793CA081}.Debug|Any CPU.ActiveCfg = Debug|Any CPU
		{1C9F7AAA-F656-483C-963C-C24D793CA081}.Debug|Any CPU.Build.0 = Debug|Any CPU
		{1C9F7AAA-F656-483C-963C-C24D793CA081}.Release|Any CPU.ActiveCfg = Release|Any CPU
		{1C9F7AAA-F656-483C-963C-C24D793CA081}.Release|Any CPU.Build.0 = Release|Any CPU
	EndGlobalSection
	GlobalSection(SolutionProperties) = preSolution
		HideSolutionNode = FALSE
	EndGlobalSection
	GlobalSection(ExtensibilityGlobals) = postSolution
		SolutionGuid = {224542FE-C324-4841-AF35-285E41EAD463}
	EndGlobalSection
EndGlobal
